
Microsoft Visual Studio Solution File, Format Version 12.00
# Visual Studio Version 17
VisualStudioVersion = 17.8.34330.188
MinimumVisualStudioVersion = 10.0.40219.1
Project("{FAE04EC0-301F-11D3-BF4B-00C04F79EFBC}") = "FinalAssignment", "FinalAssignment\FinalAssignment.csproj", "{33D94A6B-A0EE-421A-A9A3-8EE98E1ED36F}"
EndProject
Global
	GlobalSection(SolutionConfigurationPlatforms) = preSolution
		Debug|Any CPU = Debug|Any CPU
		Release|Any CPU = Release|Any CPU
	EndGlobalSection
	GlobalSection(ProjectConfigurationPlatforms) = postSolution
		{33D94A6B-A0EE-421A-A9A3-8EE98E1ED36F}.Debug|Any CPU.ActiveCfg = Debug|Any CPU
		{33D94A6B-A0EE-421A-A9A3-8EE98E1ED36F}.Debug|Any CPU.Build.0 = Debug|Any CPU
		{33D94A6B-A0EE-421A-A9A3-8EE98E1ED36F}.Release|Any CPU.ActiveCfg = Release|Any CPU
		{33D94A6B-A0EE-421A-A9A3-8EE98E1ED36F}.Release|Any CPU.Build.0 = Release|Any CPU
	EndGlobalSection
	GlobalSection(SolutionProperties) = preSolution
		HideSolutionNode = FALSE
	EndGlobalSection
	GlobalSection(ExtensibilityGlobals) = postSolution
		SolutionGuid = {52C2FC8E-1B41-495A-9058-D94F2ED03BE0}
	EndGlobalSection
EndGlobal
